
Microsoft Visual Studio Solution File, Format Version 12.00
# Visual Studio Version 17
VisualStudioVersion = 17.2.32630.192
MinimumVisualStudioVersion = 10.0.40219.1
Project("{8BC9CEB8-8B4A-11D0-8D11-00A0C91BC942}") = "HOOK", "HOOK\HOOK.vcxproj", "{3F058ABF-4900-4492-8E5C-1728CE7489FC}"
EndProject
Global
	GlobalSection(SolutionConfigurationPlatforms) = preSolution
		Debug|x64 = Debug|x64
		Debug|x86 = Debug|x86
		Release|x64 = Release|x64
		Release|x86 = Release|x86
	EndGlobalSection
	GlobalSection(ProjectConfigurationPlatforms) = postSolution
		{3F058ABF-4900-4492-8E5C-1728CE7489FC}.Debug|x64.ActiveCfg = Debug|x64
		{3F058ABF-4900-4492-8E5C-1728CE7489FC}.Debug|x64.Build.0 = Debug|x64
		{3F058ABF-4900-4492-8E5C-1728CE7489FC}.Debug|x86.ActiveCfg = Debug|Win32
		{3F058ABF-4900-4492-8E5C-1728CE7489FC}.Debug|x86.Build.0 = Debug|Win32
		{3F058ABF-4900-4492-8E5C-1728CE7489FC}.Release|x64.ActiveCfg = Release|x64
		{3F058ABF-4900-4492-8E5C-1728CE7489FC}.Release|x64.Build.0 = Release|x64
		{3F058ABF-4900-4492-8E5C-1728CE7489FC}.Release|x86.ActiveCfg = Release|Win32
		{3F058ABF-4900-4492-8E5C-1728CE7489FC}.Release|x86.Build.0 = Release|Win32
	EndGlobalSection
	GlobalSection(SolutionProperties) = preSolution
		HideSolutionNode = FALSE
	EndGlobalSection
	GlobalSection(ExtensibilityGlobals) = postSolution
		SolutionGuid = {D0E5C993-F986-45A3-AD9C-68060FFAD6FE}
	EndGlobalSection
EndGlobal
